
Microsoft Visual Studio Solution File, Format Version 12.00
# Visual Studio Version 17
VisualStudioVersion = 17.1.32407.343
MinimumVisualStudioVersion = 10.0.40219.1
Project("{9A19103F-16F7-4668-BE54-9A1E7A4F7556}") = "OcelotApiGw", "OcelotApiGw\OcelotApiGw.csproj", "{E4DECF46-DF91-4E29-8BF8-29E304A2B2F3}"
EndProject
Project("{FAE04EC0-301F-11D3-BF4B-00C04F79EFBC}") = "OrderAggregator", "OrderAggregator\OrderAggregator.csproj", "{E24F8ADB-9D08-4D9D-B1F7-3B39D5AB02AF}"
EndProject
Global
	GlobalSection(SolutionConfigurationPlatforms) = preSolution
		Debug|Any CPU = Debug|Any CPU
		Release|Any CPU = Release|Any CPU
	EndGlobalSection
	GlobalSection(ProjectConfigurationPlatforms) = postSolution
		{E4DECF46-DF91-4E29-8BF8-29E304A2B2F3}.Debug|Any CPU.ActiveCfg = Debug|Any CPU
		{E4DECF46-DF91-4E29-8BF8-29E304A2B2F3}.Debug|Any CPU.Build.0 = Debug|Any CPU
		{E4DECF46-DF91-4E29-8BF8-29E304A2B2F3}.Release|Any CPU.ActiveCfg = Release|Any CPU
		{E4DECF46-DF91-4E29-8BF8-29E304A2B2F3}.Release|Any CPU.Build.0 = Release|Any CPU
		{E24F8ADB-9D08-4D9D-B1F7-3B39D5AB02AF}.Debug|Any CPU.ActiveCfg = Debug|Any CPU
		{E24F8ADB-9D08-4D9D-B1F7-3B39D5AB02AF}.Debug|Any CPU.Build.0 = Debug|Any CPU
		{E24F8ADB-9D08-4D9D-B1F7-3B39D5AB02AF}.Release|Any CPU.ActiveCfg = Release|Any CPU
		{E24F8ADB-9D08-4D9D-B1F7-3B39D5AB02AF}.Release|Any CPU.Build.0 = Release|Any CPU
	EndGlobalSection
	GlobalSection(SolutionProperties) = preSolution
		HideSolutionNode = FALSE
	EndGlobalSection
	GlobalSection(ExtensibilityGlobals) = postSolution
		SolutionGuid = {5B88F156-A549-4F67-B883-F0562094AB8B}
	EndGlobalSection
EndGlobal
